# THIS IS AN AUTOGENERATED FILE. DO NOT EDIT THIS FILE DIRECTLY.
# yarn lockfile v1


tinymce-i18n@^26.8.2:
  version "26.8.2"
  resolved "https://registry.yarnpkg.com/tinymce-i18n/-/tinymce-i18n-26.8.2.tgz#284def7bf79b0e5fbcb1e609216d307cdbaf9855"
  integrity sha512-kV+IC8z+z1PXik5UDBlnbY5f0cKPT8wdJoUn5IQokUqHTaOwXpm3FTfGWh+y65m1ib3hTdv0lChMs3+K+P/JrQ==

tinymce@^8.5.1:
  version "8.8.2"
  resolved "https://registry.yarnpkg.com/tinymce/-/tinymce-8.8.2.tgz#d30e01ff36581074d97795cc0d0578030947b0ea"
  integrity sha512-wcUGaaAf4XFrQtbZtClbDN/QCqklXLlPt3+7UWliEoosuhnTOJUkXwf7Fzlq7agPnwkKKp1e4JGOhx3O1gWH3g==
